PODS:
  - MicrosoftCognitiveServicesSpeech-iOS (1.15.0)

DEPENDENCIES:
  - MicrosoftCognitiveServicesSpeech-iOS

SPEC REPOS:
  https://github.com/CocoaPods/Specs.git:
    - MicrosoftCognitiveServicesSpeech-iOS

SPEC CHECKSUMS:
  MicrosoftCognitiveServicesSpeech-iOS: 4f4ece5e32c9011e88d9f1916499661a120c75f5

PODFILE CHECKSUM: fec154263d339bd8f318dbdfb61b7c7e0ce07ca0

COCOAPODS: 1.10.0
